
Microsoft Visual Studio Solution File, Format Version 12.00
# Visual Studio Version 17
VisualStudioVersion = 17.13.35931.197 d17.13
MinimumVisualStudioVersion = 10.0.40219.1
Project("{FAE04EC0-301F-11D3-BF4B-00C04F79EFBC}") = "CyberSecurityChatbotGUI", "CyberSecurityChatbotGUI.csproj", "{93570047-A875-4E45-985E-F45815F67BE9}"
EndProject
Global
	GlobalSection(SolutionConfigurationPlatforms) = preSolution
		Debug|Any CPU = Debug|Any CPU
		Release|Any CPU = Release|Any CPU
	EndGlobalSection
	GlobalSection(ProjectConfigurationPlatforms) = postSolution
		{93570047-A875-4E45-985E-F45815F67BE9}.Debug|Any CPU.ActiveCfg = Debug|Any CPU
		{93570047-A875-4E45-985E-F45815F67BE9}.Debug|Any CPU.Build.0 = Debug|Any CPU
		{93570047-A875-4E45-985E-F45815F67BE9}.Release|Any CPU.ActiveCfg = Release|Any CPU
		{93570047-A875-4E45-985E-F45815F67BE9}.Release|Any CPU.Build.0 = Release|Any CPU
	EndGlobalSection
	GlobalSection(SolutionProperties) = preSolution
		HideSolutionNode = FALSE
	EndGlobalSection
	GlobalSection(ExtensibilityGlobals) = postSolution
		SolutionGuid = {68742E5D-80DD-422F-A76B-EE69EE5591F5}
	EndGlobalSection
EndGlobal
